Microsoft Visual Studio Solution File, Format Version 12.00
# Visual Studio 15
VisualStudioVersion = 15.0.27130.2010
MinimumVisualStudioVersion = 10.0.40219.1
Project("{FAE04EC0-301F-11D3-BF4B-00C04F79EFBC}") = "Cloud.Azure.Storage.Services.Account.Interfaces.CloudStorageAccountGetter", "Cloud.Azure.Storage.Services.Account.Interfaces.CloudStorageAccountGetter\Cloud.Azure.Storage.Services.Account.Interfaces.CloudStorageAccountGetter.csproj", "{4E52F225-4E52-F225-4E52-F2254E52F225}"
EndProject
Global
	GlobalSection(SolutionConfigurationPlatforms) = preSolution
		Debug|Any CPU = Debug|Any CPU
		Release|Any CPU = Release|Any CPU
	EndGlobalSection
	GlobalSection(ProjectConfigurationPlatforms) = postSolution
		{4E52F225-4E52-F225-4E52-F2254E52F225}.Debug|Any CPU.ActiveCfg = Debug|Any CPU
		{4E52F225-4E52-F225-4E52-F2254E52F225}.Debug|Any CPU.Build.0 = Debug|Any CPU
		{4E52F225-4E52-F225-4E52-F2254E52F225}.Release|Any CPU.ActiveCfg = Release|Any CPU
		{4E52F225-4E52-F225-4E52-F2254E52F225}.Release|Any CPU.Build.0 = Release|Any CPU
	EndGlobalSection
	GlobalSection(SolutionProperties) = preSolution
		HideSolutionNode = FALSE
	EndGlobalSection
	GlobalSection(ExtensibilityGlobals) = preSolution
		SolutionGuid = {4A2FD1A8-4A2F-D1A8-4A2F-D1A84A2FD1A8}
	EndGlobalSection
EndGlobal

